Microsoft Visual Studio Solution File, Format Version 12.00
# Visual Studio Version 17
VisualStudioVersion = 17.5.2.0
MinimumVisualStudioVersion = 10.0.40219.1
Project("{FAE04EC0-301F-11D3-BF4B-00C04F79EFBC}") = "Docker-IRL", "src\Docker-IRL.csproj", "{4C157C1A-58E7-E78D-76F4-EA65B7406505}"
EndProject
Global
	GlobalSection(SolutionConfigurationPlatforms) = preSolution
		Debug|Any CPU = Debug|Any CPU
		Release|Any CPU = Release|Any CPU
	EndGlobalSection
	GlobalSection(ProjectConfigurationPlatforms) = postSolution
		{4C157C1A-58E7-E78D-76F4-EA65B7406505}.Debug|Any CPU.ActiveCfg = Debug|Any CPU
		{4C157C1A-58E7-E78D-76F4-EA65B7406505}.Debug|Any CPU.Build.0 = Debug|Any CPU
		{4C157C1A-58E7-E78D-76F4-EA65B7406505}.Release|Any CPU.ActiveCfg = Release|Any CPU
		{4C157C1A-58E7-E78D-76F4-EA65B7406505}.Release|Any CPU.Build.0 = Release|Any CPU
	EndGlobalSection
	GlobalSection(SolutionProperties) = preSolution
		HideSolutionNode = FALSE
	EndGlobalSection
	GlobalSection(ExtensibilityGlobals) = postSolution
		SolutionGuid = {966A7B6F-1D8C-42B4-B05D-DEFDFF8019BE}
	EndGlobalSection
EndGlobal
